
Microsoft Visual Studio Solution File, Format Version 12.00
# Visual Studio Version 17
VisualStudioVersion = 17.0.32112.339
MinimumVisualStudioVersion = 10.0.40219.1
Project("{FAE04EC0-301F-11D3-BF4B-00C04F79EFBC}") = "BotExample", "BotExample.csproj", "{3E77EC6D-0738-4D2F-8081-6BACE7A00796}"
EndProject
Global
	GlobalSection(SolutionConfigurationPlatforms) = preSolution
		Debug|Any CPU = Debug|Any CPU
		Release|Any CPU = Release|Any CPU
	EndGlobalSection
	GlobalSection(ProjectConfigurationPlatforms) = postSolution
		{3E77EC6D-0738-4D2F-8081-6BACE7A00796}.Debug|Any CPU.ActiveCfg = Debug|Any CPU
		{3E77EC6D-0738-4D2F-8081-6BACE7A00796}.Debug|Any CPU.Build.0 = Debug|Any CPU
		{3E77EC6D-0738-4D2F-8081-6BACE7A00796}.Release|Any CPU.ActiveCfg = Release|Any CPU
		{3E77EC6D-0738-4D2F-8081-6BACE7A00796}.Release|Any CPU.Build.0 = Release|Any CPU
	EndGlobalSection
	GlobalSection(SolutionProperties) = preSolution
		HideSolutionNode = FALSE
	EndGlobalSection
	GlobalSection(ExtensibilityGlobals) = postSolution
		SolutionGuid = {4F838E73-C28E-4117-922F-06D2B103292E}
	EndGlobalSection
EndGlobal
